
Microsoft Visual Studio Solution File, Format Version 11.00
# Visual Studio 2010
Project("{FAE04EC0-301F-11D3-BF4B-00C04F79EFBC}") = "Client", "Client\Client.csproj", "{7293DD8E-888C-46BE-A4F6-B94FD0817092}"
EndProject
Project("{FAE04EC0-301F-11D3-BF4B-00C04F79EFBC}") = "Server", "Server\Server.csproj", "{950CBEBD-EDEA-4543-ABBF-967648EB19D4}"
EndProject
Project("{FAE04EC0-301F-11D3-BF4B-00C04F79EFBC}") = "SharedAPI", "SharedAPI\SharedAPI.csproj", "{2BC66B28-59F2-4A14-AACC-F2D545346D8B}"
EndProject
Global
	GlobalSection(SolutionConfigurationPlatforms) = preSolution
		Debug|Any CPU = Debug|Any CPU
		Debug|Mixed Platforms = Debug|Mixed Platforms
		Debug|x86 = Debug|x86
		Release|Any CPU = Release|Any CPU
		Release|Mixed Platforms = Release|Mixed Platforms
		Release|x86 = Release|x86
	EndGlobalSection
	GlobalSection(ProjectConfigurationPlatforms) = postSolution
		{7293DD8E-888C-46BE-A4F6-B94FD0817092}.Debug|Any CPU.ActiveCfg = Debug|x86
		{7293DD8E-888C-46BE-A4F6-B94FD0817092}.Debug|Mixed Platforms.ActiveCfg = Debug|x86
		{7293DD8E-888C-46BE-A4F6-B94FD0817092}.Debug|Mixed Platforms.Build.0 = Debug|x86
		{7293DD8E-888C-46BE-A4F6-B94FD0817092}.Debug|x86.ActiveCfg = Debug|x86
		{7293DD8E-888C-46BE-A4F6-B94FD0817092}.Debug|x86.Build.0 = Debug|x86
		{7293DD8E-888C-46BE-A4F6-B94FD0817092}.Release|Any CPU.ActiveCfg = Release|x86
		{7293DD8E-888C-46BE-A4F6-B94FD0817092}.Release|Mixed Platforms.ActiveCfg = Release|x86
		{7293DD8E-888C-46BE-A4F6-B94FD0817092}.Release|Mixed Platforms.Build.0 = Release|x86
		{7293DD8E-888C-46BE-A4F6-B94FD0817092}.Release|x86.ActiveCfg = Release|x86
		{7293DD8E-888C-46BE-A4F6-B94FD0817092}.Release|x86.Build.0 = Release|x86
		{950CBEBD-EDEA-4543-ABBF-967648EB19D4}.Debug|Any CPU.ActiveCfg = Debug|x86
		{950CBEBD-EDEA-4543-ABBF-967648EB19D4}.Debug|Mixed Platforms.ActiveCfg = Debug|x86
		{950CBEBD-EDEA-4543-ABBF-967648EB19D4}.Debug|Mixed Platforms.Build.0 = Debug|x86
		{950CBEBD-EDEA-4543-ABBF-967648EB19D4}.Debug|x86.ActiveCfg = Debug|x86
		{950CBEBD-EDEA-4543-ABBF-967648EB19D4}.Debug|x86.Build.0 = Debug|x86
		{950CBEBD-EDEA-4543-ABBF-967648EB19D4}.Release|Any CPU.ActiveCfg = Release|x86
		{950CBEBD-EDEA-4543-ABBF-967648EB19D4}.Release|Mixed Platforms.ActiveCfg = Release|x86
		{950CBEBD-EDEA-4543-ABBF-967648EB19D4}.Release|Mixed Platforms.Build.0 = Release|x86
		{950CBEBD-EDEA-4543-ABBF-967648EB19D4}.Release|x86.ActiveCfg = Release|x86
		{950CBEBD-EDEA-4543-ABBF-967648EB19D4}.Release|x86.Build.0 = Release|x86
		{2BC66B28-59F2-4A14-AACC-F2D545346D8B}.Debug|Any CPU.ActiveCfg = Debug|Any CPU
		{2BC66B28-59F2-4A14-AACC-F2D545346D8B}.Debug|Any CPU.Build.0 = Debug|Any CPU
		{2BC66B28-59F2-4A14-AACC-F2D545346D8B}.Debug|Mixed Platforms.ActiveCfg = Debug|Any CPU
		{2BC66B28-59F2-4A14-AACC-F2D545346D8B}.Debug|Mixed Platforms.Build.0 = Debug|Any CPU
		{2BC66B28-59F2-4A14-AACC-F2D545346D8B}.Debug|x86.ActiveCfg = Debug|Any CPU
		{2BC66B28-59F2-4A14-AACC-F2D545346D8B}.Release|Any CPU.ActiveCfg = Release|Any CPU
		{2BC66B28-59F2-4A14-AACC-F2D545346D8B}.Release|Any CPU.Build.0 = Release|Any CPU
		{2BC66B28-59F2-4A14-AACC-F2D545346D8B}.Release|Mixed Platforms.ActiveCfg = Release|Any CPU
		{2BC66B28-59F2-4A14-AACC-F2D545346D8B}.Release|Mixed Platforms.Build.0 = Release|Any CPU
		{2BC66B28-59F2-4A14-AACC-F2D545346D8B}.Release|x86.ActiveCfg = Release|Any CPU
	EndGlobalSection
	GlobalSection(SolutionProperties) = preSolution
		HideSolutionNode = FALSE
	EndGlobalSection
EndGlobal
